
Microsoft Visual Studio Solution File, Format Version 12.00
# Visual Studio Version 17
VisualStudioVersion = 17.5.002.0
MinimumVisualStudioVersion = 10.0.40219.1
Project("{9A19103F-16F7-4668-BE54-9A1E7A4F7556}") = "CSharp", "CSharp\CSharp.csproj", "{B57C1E6C-C84A-4B4D-BF26-A45457297C2C}"
EndProject
Project("{2150E333-8FDC-42A3-9474-1A3956D46DE8}") = "CSharp (1)", "CSharp", "{22217BD5-13BD-4E4F-850D-E27306CAB1C4}"
EndProject
Project("{9A19103F-16F7-4668-BE54-9A1E7A4F7556}") = "ConsoleApp1", "CSharp\ConsoleApp1\ConsoleApp1.csproj", "{4CAA2BB3-EB16-4DAC-AF39-3471FB1449C1}"
EndProject
Global
	GlobalSection(SolutionConfigurationPlatforms) = preSolution
		Debug|Any CPU = Debug|Any CPU
		Release|Any CPU = Release|Any CPU
	EndGlobalSection
	GlobalSection(ProjectConfigurationPlatforms) = postSolution
		{B57C1E6C-C84A-4B4D-BF26-A45457297C2C}.Debug|Any CPU.ActiveCfg = Debug|Any CPU
		{B57C1E6C-C84A-4B4D-BF26-A45457297C2C}.Debug|Any CPU.Build.0 = Debug|Any CPU
		{B57C1E6C-C84A-4B4D-BF26-A45457297C2C}.Release|Any CPU.ActiveCfg = Release|Any CPU
		{B57C1E6C-C84A-4B4D-BF26-A45457297C2C}.Release|Any CPU.Build.0 = Release|Any CPU
		{4CAA2BB3-EB16-4DAC-AF39-3471FB1449C1}.Debug|Any CPU.ActiveCfg = Debug|Any CPU
		{4CAA2BB3-EB16-4DAC-AF39-3471FB1449C1}.Debug|Any CPU.Build.0 = Debug|Any CPU
		{4CAA2BB3-EB16-4DAC-AF39-3471FB1449C1}.Release|Any CPU.ActiveCfg = Release|Any CPU
		{4CAA2BB3-EB16-4DAC-AF39-3471FB1449C1}.Release|Any CPU.Build.0 = Release|Any CPU
	EndGlobalSection
	GlobalSection(SolutionProperties) = preSolution
		HideSolutionNode = FALSE
	EndGlobalSection
	GlobalSection(NestedProjects) = preSolution
		{4CAA2BB3-EB16-4DAC-AF39-3471FB1449C1} = {22217BD5-13BD-4E4F-850D-E27306CAB1C4}
	EndGlobalSection
	GlobalSection(ExtensibilityGlobals) = postSolution
		SolutionGuid = {14ABC949-D157-46D1-B97A-3B901873F58F}
	EndGlobalSection
EndGlobal
